
Microsoft Visual Studio Solution File, Format Version 12.00
# Visual Studio Version 17
VisualStudioVersion = 17.8.34408.163
MinimumVisualStudioVersion = 10.0.40219.1
Project("{2150E333-8FDC-42A3-9474-1A3956D46DE8}") = "Services", "Services", "{01545EF3-03C4-4113-92A8-6571E9966B32}"
EndProject
Project("{2150E333-8FDC-42A3-9474-1A3956D46DE8}") = "Catalog", "Catalog", "{7263B3E6-5EBE-4FBD-ABCF-89C552647C61}"
EndProject
Project("{9A19103F-16F7-4668-BE54-9A1E7A4F7556}") = "CatalogAPI", "Services\Catalog\CatalogAPI\CatalogAPI.csproj", "{35D3E996-8724-4208-A2FF-B17BF1A540BC}"
EndProject
Project("{2150E333-8FDC-42A3-9474-1A3956D46DE8}") = "BuildingBlocks", "BuildingBlocks", "{703E75B6-9117-41CA-BBA9-0CA1D1898A88}"
EndProject
Project("{9A19103F-16F7-4668-BE54-9A1E7A4F7556}") = "BuildingBlocks", "BuildingBlocks\BuildingBlocks\BuildingBlocks.csproj", "{AA71CABC-4421-49CF-BED7-604C6CBCAE60}"
EndProject
Project("{E53339B2-1760-4266-BCC7-CA923CBCF16C}") = "docker-compose", "docker-compose.dcproj", "{5D770C44-2FBF-4CCF-B3EE-3C905A8DEBF1}"
EndProject
Project("{2150E333-8FDC-42A3-9474-1A3956D46DE8}") = "Basket", "Basket", "{364304C2-5948-4651-8765-5D9BD26D6351}"
EndProject
Project("{FAE04EC0-301F-11D3-BF4B-00C04F79EFBC}") = "Basket.API", "Services\Basket\Basket.API\Basket.API.csproj", "{59385C68-7977-44C9-92C9-0A2525AAC618}"
EndProject
Project("{2150E333-8FDC-42A3-9474-1A3956D46DE8}") = "Discount", "Discount", "{02EA681E-C7D8-13C7-8484-4AC65E1B71E8}"
EndProject
Project("{FAE04EC0-301F-11D3-BF4B-00C04F79EFBC}") = "Discount.Grpc", "Services\Discount\Discount.Grpc\Discount.Grpc.csproj", "{B9477F5B-69D2-436D-AE7E-183002FA6F21}"
EndProject
Global
	GlobalSection(SolutionConfigurationPlatforms) = preSolution
		Debug|Any CPU = Debug|Any CPU
		Release|Any CPU = Release|Any CPU
	EndGlobalSection
	GlobalSection(ProjectConfigurationPlatforms) = postSolution
		{35D3E996-8724-4208-A2FF-B17BF1A540BC}.Debug|Any CPU.ActiveCfg = Debug|Any CPU
		{35D3E996-8724-4208-A2FF-B17BF1A540BC}.Debug|Any CPU.Build.0 = Debug|Any CPU
		{35D3E996-8724-4208-A2FF-B17BF1A540BC}.Release|Any CPU.ActiveCfg = Release|Any CPU
		{35D3E996-8724-4208-A2FF-B17BF1A540BC}.Release|Any CPU.Build.0 = Release|Any CPU
		{AA71CABC-4421-49CF-BED7-604C6CBCAE60}.Debug|Any CPU.ActiveCfg = Debug|Any CPU
		{AA71CABC-4421-49CF-BED7-604C6CBCAE60}.Debug|Any CPU.Build.0 = Debug|Any CPU
		{AA71CABC-4421-49CF-BED7-604C6CBCAE60}.Release|Any CPU.ActiveCfg = Release|Any CPU
		{AA71CABC-4421-49CF-BED7-604C6CBCAE60}.Release|Any CPU.Build.0 = Release|Any CPU
		{5D770C44-2FBF-4CCF-B3EE-3C905A8DEBF1}.Debug|Any CPU.ActiveCfg = Debug|Any CPU
		{5D770C44-2FBF-4CCF-B3EE-3C905A8DEBF1}.Debug|Any CPU.Build.0 = Debug|Any CPU
		{5D770C44-2FBF-4CCF-B3EE-3C905A8DEBF1}.Release|Any CPU.ActiveCfg = Release|Any CPU
		{5D770C44-2FBF-4CCF-B3EE-3C905A8DEBF1}.Release|Any CPU.Build.0 = Release|Any CPU
		{59385C68-7977-44C9-92C9-0A2525AAC618}.Debug|Any CPU.ActiveCfg = Debug|Any CPU
		{59385C68-7977-44C9-92C9-0A2525AAC618}.Debug|Any CPU.Build.0 = Debug|Any CPU
		{59385C68-7977-44C9-92C9-0A2525AAC618}.Release|Any CPU.ActiveCfg = Release|Any CPU
		{59385C68-7977-44C9-92C9-0A2525AAC618}.Release|Any CPU.Build.0 = Release|Any CPU
		{B9477F5B-69D2-436D-AE7E-183002FA6F21}.Debug|Any CPU.ActiveCfg = Debug|Any CPU
		{B9477F5B-69D2-436D-AE7E-183002FA6F21}.Debug|Any CPU.Build.0 = Debug|Any CPU
		{B9477F5B-69D2-436D-AE7E-183002FA6F21}.Release|Any CPU.ActiveCfg = Release|Any CPU
		{B9477F5B-69D2-436D-AE7E-183002FA6F21}.Release|Any CPU.Build.0 = Release|Any CPU
	EndGlobalSection
	GlobalSection(SolutionProperties) = preSolution
		HideSolutionNode = FALSE
	EndGlobalSection
	GlobalSection(NestedProjects) = preSolution
		{7263B3E6-5EBE-4FBD-ABCF-89C552647C61} = {01545EF3-03C4-4113-92A8-6571E9966B32}
		{35D3E996-8724-4208-A2FF-B17BF1A540BC} = {7263B3E6-5EBE-4FBD-ABCF-89C552647C61}
		{AA71CABC-4421-49CF-BED7-604C6CBCAE60} = {703E75B6-9117-41CA-BBA9-0CA1D1898A88}
		{364304C2-5948-4651-8765-5D9BD26D6351} = {01545EF3-03C4-4113-92A8-6571E9966B32}
		{59385C68-7977-44C9-92C9-0A2525AAC618} = {364304C2-5948-4651-8765-5D9BD26D6351}
		{02EA681E-C7D8-13C7-8484-4AC65E1B71E8} = {01545EF3-03C4-4113-92A8-6571E9966B32}
		{B9477F5B-69D2-436D-AE7E-183002FA6F21} = {02EA681E-C7D8-13C7-8484-4AC65E1B71E8}
	EndGlobalSection
	GlobalSection(ExtensibilityGlobals) = postSolution
		SolutionGuid = {CFBAFFB4-AAFD-4A23-BB4C-AA56988CE836}
	EndGlobalSection
EndGlobal
